
Microsoft Visual Studio Solution File, Format Version 12.00
# Visual Studio Version 17
VisualStudioVersion = 17.11.35327.3
MinimumVisualStudioVersion = 10.0.40219.1
Project("{9A19103F-16F7-4668-BE54-9A1E7A4F7556}") = "eFalcomTest", "eFalcomTest\eFalcomTest.csproj", "{1B9A2F4A-57E9-4712-B46B-D694FA3A6CE9}"
EndProject
Project("{9A19103F-16F7-4668-BE54-9A1E7A4F7556}") = "CentroDistribucionApi", "CentroDistribucionController\CentroDistribucionApi.csproj", "{7C017E90-D503-47D5-B3A7-70C83EEDF4F7}"
EndProject
Project("{9A19103F-16F7-4668-BE54-9A1E7A4F7556}") = "Application", "Application\Application.csproj", "{6DEDB4B1-4D39-4571-AEA2-8F9F163513E2}"
EndProject
Project("{9A19103F-16F7-4668-BE54-9A1E7A4F7556}") = "Domain", "Domain\Domain.csproj", "{6C2C42D1-0698-47C2-8C6A-439E20E2AA33}"
EndProject
Project("{9A19103F-16F7-4668-BE54-9A1E7A4F7556}") = "CentroDistribucion.Database", "CentroDistribucion.Database\CentroDistribucion.Database.csproj", "{167E3B36-B16B-4A6D-B53D-4AE7DA0424AD}"
EndProject
Global
	GlobalSection(SolutionConfigurationPlatforms) = preSolution
		Debug|Any CPU = Debug|Any CPU
		Release|Any CPU = Release|Any CPU
	EndGlobalSection
	GlobalSection(ProjectConfigurationPlatforms) = postSolution
		{1B9A2F4A-57E9-4712-B46B-D694FA3A6CE9}.Debug|Any CPU.ActiveCfg = Debug|Any CPU
		{1B9A2F4A-57E9-4712-B46B-D694FA3A6CE9}.Debug|Any CPU.Build.0 = Debug|Any CPU
		{1B9A2F4A-57E9-4712-B46B-D694FA3A6CE9}.Release|Any CPU.ActiveCfg = Release|Any CPU
		{1B9A2F4A-57E9-4712-B46B-D694FA3A6CE9}.Release|Any CPU.Build.0 = Release|Any CPU
		{7C017E90-D503-47D5-B3A7-70C83EEDF4F7}.Debug|Any CPU.ActiveCfg = Debug|Any CPU
		{7C017E90-D503-47D5-B3A7-70C83EEDF4F7}.Debug|Any CPU.Build.0 = Debug|Any CPU
		{7C017E90-D503-47D5-B3A7-70C83EEDF4F7}.Release|Any CPU.ActiveCfg = Release|Any CPU
		{7C017E90-D503-47D5-B3A7-70C83EEDF4F7}.Release|Any CPU.Build.0 = Release|Any CPU
		{6DEDB4B1-4D39-4571-AEA2-8F9F163513E2}.Debug|Any CPU.ActiveCfg = Debug|Any CPU
		{6DEDB4B1-4D39-4571-AEA2-8F9F163513E2}.Debug|Any CPU.Build.0 = Debug|Any CPU
		{6DEDB4B1-4D39-4571-AEA2-8F9F163513E2}.Release|Any CPU.ActiveCfg = Release|Any CPU
		{6DEDB4B1-4D39-4571-AEA2-8F9F163513E2}.Release|Any CPU.Build.0 = Release|Any CPU
		{6C2C42D1-0698-47C2-8C6A-439E20E2AA33}.Debug|Any CPU.ActiveCfg = Debug|Any CPU
		{6C2C42D1-0698-47C2-8C6A-439E20E2AA33}.Debug|Any CPU.Build.0 = Debug|Any CPU
		{6C2C42D1-0698-47C2-8C6A-439E20E2AA33}.Release|Any CPU.ActiveCfg = Release|Any CPU
		{6C2C42D1-0698-47C2-8C6A-439E20E2AA33}.Release|Any CPU.Build.0 = Release|Any CPU
		{167E3B36-B16B-4A6D-B53D-4AE7DA0424AD}.Debug|Any CPU.ActiveCfg = Debug|Any CPU
		{167E3B36-B16B-4A6D-B53D-4AE7DA0424AD}.Debug|Any CPU.Build.0 = Debug|Any CPU
		{167E3B36-B16B-4A6D-B53D-4AE7DA0424AD}.Release|Any CPU.ActiveCfg = Release|Any CPU
		{167E3B36-B16B-4A6D-B53D-4AE7DA0424AD}.Release|Any CPU.Build.0 = Release|Any CPU
	EndGlobalSection
	GlobalSection(SolutionProperties) = preSolution
		HideSolutionNode = FALSE
	EndGlobalSection
	GlobalSection(ExtensibilityGlobals) = postSolution
		SolutionGuid = {C4ADFFD6-FA1E-4D4E-BE29-C6B977D2B726}
	EndGlobalSection
EndGlobal
